
Microsoft Visual Studio Solution File, Format Version 12.00
Project("{FAE04EC0-301F-11D3-BF4B-00C04F79EFBC}") = "BinarySearchTree", "BinarySearchTree\BinarySearchTree.csproj", "{66D516B4-7458-4A67-A232-5413515EB1C1}"
EndProject
Global
	GlobalSection(SolutionConfigurationPlatforms) = preSolution
		Debug|Any CPU = Debug|Any CPU
		Release|Any CPU = Release|Any CPU
	EndGlobalSection
	GlobalSection(ProjectConfigurationPlatforms) = postSolution
		{66D516B4-7458-4A67-A232-5413515EB1C1}.Debug|Any CPU.ActiveCfg = Debug|Any CPU
		{66D516B4-7458-4A67-A232-5413515EB1C1}.Debug|Any CPU.Build.0 = Debug|Any CPU
		{66D516B4-7458-4A67-A232-5413515EB1C1}.Release|Any CPU.ActiveCfg = Release|Any CPU
		{66D516B4-7458-4A67-A232-5413515EB1C1}.Release|Any CPU.Build.0 = Release|Any CPU
	EndGlobalSection
EndGlobal
